// !$*UTF8*$!
{
	archiveVersion = 1;
	classes = {
	};
	objectVersion = 50;
	objects = {

/* Begin PBXBuildFile section */
		D5434B2426E4655B005F0B26 /* AppDelegate.swift in Sources */ = {isa = PBXBuildFile; fileRef = D5434B2326E4655B005F0B26 /* AppDelegate.swift */; };
		D5434B2626E4655B005F0B26 /* SceneDelegate.swift in Sources */ = {isa = PBXBuildFile; fileRef = D5434B2526E4655B005F0B26 /* SceneDelegate.swift */; };
		D5434B2826E4655B005F0B26 /* ViewController.swift in Sources */ = {isa = PBXBuildFile; fileRef = D5434B2726E4655B005F0B26 /* ViewController.swift */; };
		D5434B2B26E4655B005F0B26 /* Main.storyboard in Resources */ = {isa = PBXBuildFile; fileRef = D5434B2926E4655B005F0B26 /* Main.storyboard */; };
		D5434B2D26E4655D005F0B26 /* Assets.xcassets in Resources */ = {isa = PBXBuildFile; fileRef = D5434B2C26E4655D005F0B26 /* Assets.xcassets */; };
		D5434B3026E4655D005F0B26 /* LaunchScreen.storyboard in Resources */ = {isa = PBXBuildFile; fileRef = D5434B2E26E4655D005F0B26 /* LaunchScreen.storyboard */; };
		D5434B3B26E4655D005F0B26 /* flixterTests.swift in Sources */ = {isa = PBXBuildFile; fileRef = D5434B3A26E4655D005F0B26 /* flixterTests.swift */; };
		D5434B4626E4655D005F0B26 /* flixterUITests.swift in Sources */ = {isa = PBXBuildFile; fileRef = D5434B4526E4655D005F0B26 /* flixterUITests.swift */; };
/* End PBXBuildFile section */

/* Begin PBXContainerItemProxy section */
		D5434B3726E4655D005F0B26 /* PBXContainerItemProxy */ = {
			isa = PBXContainerItemProxy;
			containerPortal = D5434B1826E4655B005F0B26 /* Project object */;
			proxyType = 1;
			remoteGlobalIDString = D5434B1F26E4655B005F0B26;
			remoteInfo = flixter;
		};
		D5434B4226E4655D005F0B26 /* PBXContainerItemProxy */ = {
			isa = PBXContainerItemProxy;
			containerPortal = D5434B1826E4655B005F0B26 /* Project object */;
			proxyType = 1;
			remoteGlobalIDString = D5434B1F26E4655B005F0B26;
			remoteInfo = flixter;
		};
/* End PBXContainerItemProxy section */

/* Begin PBXFileReference section */
		D5434B2026E4655B005F0B26 /* flixter.app */ = {isa = PBXFileReference; explicitFileType = wrapper.application; includeInIndex = 0; path = flixter.app; sourceTree = BUILT_PRODUCTS_DIR; };
		D5434B2326E4655B005F0B26 /* AppDelegate.swift */ = {isa = PBXFileReference; lastKnownFileType = sourcecode.swift; path = AppDelegate.swift; sourceTree = "<group>"; };
		D5434B2526E4655B005F0B26 /* SceneDelegate.swift */ = {isa = PBXFileReference; lastKnownFileType = sourcecode.swift; path = SceneDelegate.swift; sourceTree = "<group>"; };
		D5434B2726E4655B005F0B26 /* ViewController.swift */ = {isa = PBXFileReference; lastKnownFileType = sourcecode.swift; path = ViewController.swift; sourceTree = "<group>"; };
		D5434B2A26E4655B005F0B26 /* Base */ = {isa = PBXFileReference; lastKnownFileType = file.storyboard; name = Base; path = Base.lproj/Main.storyboard; sourceTree = "<group>"; };
		D5434B2C26E4655D005F0B26 /* Assets.xcassets */ = {isa = PBXFileReference; lastKnownFileType = folder.assetcatalog; path = Assets.xcassets; sourceTree = "<group>"; };
		D5434B2F26E4655D005F0B26 /* Base */ = {isa = PBXFileReference; lastKnownFileType = file.storyboard; name = Base; path = Base.lproj/LaunchScreen.storyboard; sourceTree = "<group>"; };
		D5434B3126E4655D005F0B26 /* Info.plist */ = {isa = PBXFileReference; lastKnownFileType = text.plist.xml; path = Info.plist; sourceTree = "<group>"; };
		D5434B3626E4655D005F0B26 /* flixterTests.xctest */ = {isa = PBXFileReference; explicitFileType = wrapper.cfbundle; includeInIndex = 0; path = flixterTests.xctest; sourceTree = BUILT_PRODUCTS_DIR; };
		D5434B3A26E4655D005F0B26 /* flixterTests.swift */ = {isa = PBXFileReference; lastKnownFileType = sourcecode.swift; path = flixterTests.swift; sourceTree = "<group>"; };
		D5434B3C26E4655D005F0B26 /* Info.plist */ = {isa = PBXFileReference; lastKnownFileType = text.plist.xml; path = Info.plist; sourceTree = "<group>"; };
		D5434B4126E4655D005F0B26 /* flixterUITests.xctest */ = {isa = PBXFileReference; explicitFileType = wrapper.cfbundle; includeInIndex = 0; path = flixterUITests.xctest; sourceTree = BUILT_PRODUCTS_DIR; };
		D5434B4526E4655D005F0B26 /* flixterUITests.swift */ = {isa = PBXFileReference; lastKnownFileType = sourcecode.swift; path = flixterUITests.swift; sourceTree = "<group>"; };
		D5434B4726E4655D005F0B26 /* Info.plist */ = {isa = PBXFileReference; lastKnownFileType = text.plist.xml; path = Info.plist; sourceTree = "<group>"; };
/* End PBXFileReference section */

/* Begin PBXFrameworksBuildPhase section */
		D5434B1D26E4655B005F0B26 /* Frameworks */ = {
			isa = PBXFrameworksBuildPhase;
			buildActionMask = 2147483647;
			files = (
			);
			runOnlyForDeploymentPostprocessing = 0;
		};
		D5434B3326E4655D005F0B26 /* Frameworks */ = {
			isa = PBXFrameworksBuildPhase;
			buildActionMask = 2147483647;
			files = (
			);
			runOnlyForDeploymentPostprocessing = 0;
		};
		D5434B3E26E4655D005F0B26 /* Frameworks */ = {
			isa = PBXFrameworksBuildPhase;
			buildActionMask = 2147483647;
			files = (
			);
			runOnlyForDeploymentPostprocessing = 0;
		};
/* End PBXFrameworksBuildPhase section */

/* Begin PBXGroup section */
		D5434B1726E4655B005F0B26 = {
			isa = PBXGroup;
			children = (
				D5434B2226E4655B005F0B26 /* flixter */,
				D5434B3926E4655D005F0B26 /* flixterTests */,
				D5434B4426E4655D005F0B26 /* flixterUITests */,
				D5434B2126E4655B005F0B26 /* Products */,
			);
			sourceTree = "<group>";
		};
		D5434B2126E4655B005F0B26 /* Products */ = {
			isa = PBXGroup;
			children = (
				D5434B2026E4655B005F0B26 /* flixter.app */,
				D5434B3626E4655D005F0B26 /* flixterTests.xctest */,
				D5434B4126E4655D005F0B26 /* flixterUITests.xctest */,
			);
			name = Products;
			sourceTree = "<group>";
		};
		D5434B2226E4655B005F0B26 /* flixter */ = {
			isa = PBXGroup;
			children = (
				D5434B2326E4655B005F0B26 /* AppDelegate.swift */,
				D5434B2526E4655B005F0B26 /* SceneDelegate.swift */,
				D5434B2726E4655B005F0B26 /* ViewController.swift */,
				D5434B2926E4655B005F0B26 /* Main.storyboard */,
				D5434B2C26E4655D005F0B26 /* Assets.xcassets */,
				D5434B2E26E4655D005F0B26 /* LaunchScreen.storyboard */,
				D5434B3126E4655D005F0B26 /* Info.plist */,
			);
			path = flixter;
			sourceTree = "<group>";
		};
		D5434B3926E4655D005F0B26 /* flixterTests */ = {
			isa = PBXGroup;
			children = (
				D5434B3A26E4655D005F0B26 /* flixterTests.swift */,
				D5434B3C26E4655D005F0B26 /* Info.plist */,
			);
			path = flixterTests;
			sourceTree = "<group>";
		};
		D5434B4426E4655D005F0B26 /* flixterUITests */ = {
			isa = PBXGroup;
			children = (
				D5434B4526E4655D005F0B26 /* flixterUITests.swift */,
				D5434B4726E4655D005F0B26 /* Info.plist */,
			);
			path = flixterUITests;
			sourceTree = "<group>";
		};
/* End PBXGroup section */

/* Begin PBXNativeTarget section */
		D5434B1F26E4655B005F0B26 /* flixter */ = {
			isa = PBXNativeTarget;
			buildConfigurationList = D5434B4A26E4655D005F0B26 /* Build configuration list for PBXNativeTarget "flixter" */;
			buildPhases = (
				D5434B1C26E4655B005F0B26 /* Sources */,
				D5434B1D26E4655B005F0B26 /* Frameworks */,
				D5434B1E26E4655B005F0B26 /* Resources */,
			);
			buildRules = (
			);
			dependencies = (
			);
			name = flixter;
			productName = flixter;
			productReference = D5434B2026E4655B005F0B26 /* flixter.app */;
			productType = "com.apple.product-type.application";
		};
		D5434B3526E4655D005F0B26 /* flixterTests */ = {
			isa = PBXNativeTarget;
			buildConfigurationList = D5434B4D26E4655D005F0B26 /* Build configuration list for PBXNativeTarget "flixterTests" */;
			buildPhases = (
				D5434B3226E4655D005F0B26 /* Sources */,
				D5434B3326E4655D005F0B26 /* Frameworks */,
				D5434B3426E4655D005F0B26 /* Resources */,
			);
			buildRules = (
			);
			dependencies = (
				D5434B3826E4655D005F0B26 /* PBXTargetDependency */,
			);
			name = flixterTests;
			productName = flixterTests;
			productReference = D5434B3626E4655D005F0B26 /* flixterTests.xctest */;
			productType = "com.apple.product-type.bundle.unit-test";
		};
		D5434B4026E4655D005F0B26 /* flixterUITests */ = {
			isa = PBXNativeTarget;
			buildConfigurationList = D5434B5026E4655D005F0B26 /* Build configuration list for PBXNativeTarget "flixterUITests" */;
			buildPhases = (
				D5434B3D26E4655D005F0B26 /* Sources */,
				D5434B3E26E4655D005F0B26 /* Frameworks */,
				D5434B3F26E4655D005F0B26 /* Resources */,
			);
			buildRules = (
			);
			dependencies = (
				D5434B4326E4655D005F0B26 /* PBXTargetDependency */,
			);
			name = flixterUITests;
			productName = flixterUITests;
			productReference = D5434B4126E4655D005F0B26 /* flixterUITests.xctest */;
			productType = "com.apple.product-type.bundle.ui-testing";
		};
/* End PBXNativeTarget section */

/* Begin PBXProject section */
		D5434B1826E4655B005F0B26 /* Project object */ = {
			isa = PBXProject;
			attributes = {
				LastSwiftUpdateCheck = 1250;
				LastUpgradeCheck = 1250;
				TargetAttributes = {
					D5434B1F26E4655B005F0B26 = {
						CreatedOnToolsVersion = 12.5.1;
					};
					D5434B3526E4655D005F0B26 = {
						CreatedOnToolsVersion = 12.5.1;
						TestTargetID = D5434B1F26E4655B005F0B26;
					};
					D5434B4026E4655D005F0B26 = {
						CreatedOnToolsVersion = 12.5.1;
						TestTargetID = D5434B1F26E4655B005F0B26;
					};
				};
			};
			buildConfigurationList = D5434B1B26E4655B005F0B26 /* Build configuration list for PBXProject "flixter" */;
			compatibilityVersion = "Xcode 9.3";
			developmentRegion = en;
			hasScannedForEncodings = 0;
			knownRegions = (
				en,
				Base,
			);
			mainGroup = D5434B1726E4655B005F0B26;
			productRefGroup = D5434B2126E4655B005F0B26 /* Products */;
			projectDirPath = "";
			projectRoot = "";
			targets = (
				D5434B1F26E4655B005F0B26 /* flixter */,
				D5434B3526E4655D005F0B26 /* flixterTests */,
				D5434B4026E4655D005F0B26 /* flixterUITests */,
			);
		};
/* End PBXProject section */

/* Begin PBXResourcesBuildPhase section */
		D5434B1E26E4655B005F0B26 /* Resources */ = {
			isa = PBXResourcesBuildPhase;
			buildActionMask = 2147483647;
			files = (
				D5434B3026E4655D005F0B26 /* LaunchScreen.storyboard in Resources */,
				D5434B2D26E4655D005F0B26 /* Assets.xcassets in Resources */,
				D5434B2B26E4655B005F0B26 /* Main.storyboard in Resources */,
			);
			runOnlyForDeploymentPostprocessing = 0;
		};
		D5434B3426E4655D005F0B26 /* Resources */ = {
			isa = PBXResourcesBuildPhase;
			buildActionMask = 2147483647;
			files = (
			);
			runOnlyForDeploymentPostprocessing = 0;
		};
		D5434B3F26E4655D005F0B26 /* Resources */ = {
			isa = PBXResourcesBuildPhase;
			buildActionMask = 2147483647;
			files = (
			);
			runOnlyForDeploymentPostprocessing = 0;
		};
/* End PBXResourcesBuildPhase section */

/* Begin PBXSourcesBuildPhase section */
		D5434B1C26E4655B005F0B26 /* Sources */ = {
			isa = PBXSourcesBuildPhase;
			buildActionMask = 2147483647;
			files = (
				D5434B2826E4655B005F0B26 /* ViewController.swift in Sources */,
				D5434B2426E4655B005F0B26 /* AppDelegate.swift in Sources */,
				D5434B2626E4655B005F0B26 /* SceneDelegate.swift in Sources */,
			);
			runOnlyForDeploymentPostprocessing = 0;
		};
		D5434B3226E4655D005F0B26 /* Sources */ = {
			isa = PBXSourcesBuildPhase;
			buildActionMask = 2147483647;
			files = (
				D5434B3B26E4655D005F0B26 /* flixterTests.swift in Sources */,
			);
			runOnlyForDeploymentPostprocessing = 0;
		};
		D5434B3D26E4655D005F0B26 /* Sources */ = {
			isa = PBXSourcesBuildPhase;
			buildActionMask = 2147483647;
			files = (
				D5434B4626E4655D005F0B26 /* flixterUITests.swift in Sources */,
			);
			runOnlyForDeploymentPostprocessing = 0;
		};
/* End PBXSourcesBuildPhase section */

/* Begin PBXTargetDependency section */
		D5434B3826E4655D005F0B26 /* PBXTargetDependency */ = {
			isa = PBXTargetDependency;
			target = D5434B1F26E4655B005F0B26 /* flixter */;
			targetProxy = D5434B3726E4655D005F0B26 /* PBXContainerItemProxy */;
		};
		D5434B4326E4655D005F0B26 /* PBXTargetDependency */ = {
			isa = PBXTargetDependency;
			target = D5434B1F26E4655B005F0B26 /* flixter */;
			targetProxy = D5434B4226E4655D005F0B26 /* PBXContainerItemProxy */;
		};
/* End PBXTargetDependency section */

/* Begin PBXVariantGroup section */
		D5434B2926E4655B005F0B26 /* Main.storyboard */ = {
			isa = PBXVariantGroup;
			children = (
				D5434B2A26E4655B005F0B26 /* Base */,
			);
			name = Main.storyboard;
			sourceTree = "<group>";
		};
		D5434B2E26E4655D005F0B26 /* LaunchScreen.storyboard */ = {
			isa = PBXVariantGroup;
			children = (
				D5434B2F26E4655D005F0B26 /* Base */,
			);
			name = LaunchScreen.storyboard;
			sourceTree = "<group>";
		};
/* End PBXVariantGroup section */

/* Begin XCBuildConfiguration section */
		D5434B4826E4655D005F0B26 /* Debug */ = {
			isa = XCBuildConfiguration;
			buildSettings = {
				ALWAYS_SEARCH_USER_PATHS = NO;
				CLANG_ANALYZER_NONNULL = YES;
				CLANG_ANALYZER_NUMBER_OBJECT_CONVERSION = YES_AGGRESSIVE;
				CLANG_CXX_LANGUAGE_STANDARD = "gnu++14";
				CLANG_CXX_LIBRARY = "libc++";
				CLANG_ENABLE_MODULES = YES;
				CLANG_ENABLE_OBJC_ARC = YES;
				CLANG_ENABLE_OBJC_WEAK = YES;
				CLANG_WARN_BLOCK_CAPTURE_AUTORELEASING = YES;
				CLANG_WARN_BOOL_CONVERSION = YES;
				CLANG_WARN_COMMA = YES;
				CLANG_WARN_CONSTANT_CONVERSION = YES;
				CLANG_WARN_DEPRECATED_OBJC_IMPLEMENTATIONS = YES;
				CLANG_WARN_DIRECT_OBJC_ISA_USAGE = YES_ERROR;
				CLANG_WARN_DOCUMENTATION_COMMENTS = YES;
				CLANG_WARN_EMPTY_BODY = YES;
				CLANG_WARN_ENUM_CONVERSION = YES;
				CLANG_WARN_INFINITE_RECURSION = YES;
				CLANG_WARN_INT_CONVERSION = YES;
				CLANG_WARN_NON_LITERAL_NULL_CONVERSION = YES;
				CLANG_WARN_OBJC_IMPLICIT_RETAIN_SELF = YES;
				CLANG_WARN_OBJC_LITERAL_CONVERSION = YES;
				CLANG_WARN_OBJC_ROOT_CLASS = YES_ERROR;
				CLANG_WARN_QUOTED_INCLUDE_IN_FRAMEWORK_HEADER = YES;
				CLANG_WARN_RANGE_LOOP_ANALYSIS = YES;
				CLANG_WARN_STRICT_PROTOTYPES = YES;
				CLANG_WARN_SUSPICIOUS_MOVE = YES;
				CLANG_WARN_UNGUARDED_AVAILABILITY = YES_AGGRESSIVE;
				CLANG_WARN_UNREACHABLE_CODE = YES;
				CLANG_WARN__DUPLICATE_METHOD_MATCH = YES;
				COPY_PHASE_STRIP = NO;
				DEBUG_INFORMATION_FORMAT = dwarf;
				ENABLE_STRICT_OBJC_MSGSEND = YES;
				ENABLE_TESTABILITY = YES;
				GCC_C_LANGUAGE_STANDARD = gnu11;
				GCC_DYNAMIC_NO_PIC = NO;
				GCC_NO_COMMON_BLOCKS = YES;
				GCC_OPTIMIZATION_LEVEL = 0;
				GCC_PREPROCESSOR_DEFINITIONS = (
					"DEBUG=1",
					"$(inherited)",
				);
				GCC_WARN_64_TO_32_BIT_CONVERSION = YES;
				GCC_WARN_ABOUT_RETURN_TYPE = YES_ERROR;
				GCC_WARN_UNDECLARED_SELECTOR = YES;
				GCC_WARN_UNINITIALIZED_AUTOS = YES_AGGRESSIVE;
				GCC_WARN_UNUSED_FUNCTION = YES;
				GCC_WARN_UNUSED_VARIABLE = YES;
				IPHONEOS_DEPLOYMENT_TARGET = 14.5;
				MTL_ENABLE_DEBUG_INFO = INCLUDE_SOURCE;
				MTL_FAST_MATH = YES;
				ONLY_ACTIVE_ARCH = YES;
				SDKROOT = iphoneos;
				SWIFT_ACTIVE_COMPILATION_CONDITIONS = DEBUG;
				SWIFT_OPTIMIZATION_LEVEL = "-Onone";
			};
			name = Debug;
		};
		D5434B4926E4655D005F0B26 /* Release */ = {
			isa = XCBuildConfiguration;
			buildSettings = {
				ALWAYS_SEARCH_USER_PATHS = NO;
				CLANG_ANALYZER_NONNULL = YES;
				CLANG_ANALYZER_NUMBER_OBJECT_CONVERSION = YES_AGGRESSIVE;
				CLANG_CXX_LANGUAGE_STANDARD = "gnu++14";
				CLANG_CXX_LIBRARY = "libc++";
				CLANG_ENABLE_MODULES = YES;
				CLANG_ENABLE_OBJC_ARC = YES;
				CLANG_ENABLE_OBJC_WEAK = YES;
				CLANG_WARN_BLOCK_CAPTURE_AUTORELEASING = YES;
				CLANG_WARN_BOOL_CONVERSION = YES;
				CLANG_WARN_COMMA = YES;
				CLANG_WARN_CONSTANT_CONVERSION = YES;
				CLANG_WARN_DEPRECATED_OBJC_IMPLEMENTATIONS = YES;
				CLANG_WARN_DIRECT_OBJC_ISA_USAGE = YES_ERROR;
				CLANG_WARN_DOCUMENTATION_COMMENTS = YES;
				CLANG_WARN_EMPTY_BODY = YES;
				CLANG_WARN_ENUM_CONVERSION = YES;
				CLANG_WARN_INFINITE_RECURSION = YES;
				CLANG_WARN_INT_CONVERSION = YES;
				CLANG_WARN_NON_LITERAL_NULL_CONVERSION = YES;
				CLANG_WARN_OBJC_IMPLICIT_RETAIN_SELF = YES;
				CLANG_WARN_OBJC_LITERAL_CONVERSION = YES;
				CLANG_WARN_OBJC_ROOT_CLASS = YES_ERROR;
				CLANG_WARN_QUOTED_INCLUDE_IN_FRAMEWORK_HEADER = YES;
				CLANG_WARN_RANGE_LOOP_ANALYSIS = YES;
				CLANG_WARN_STRICT_PROTOTYPES = YES;
				CLANG_WARN_SUSPICIOUS_MOVE = YES;
				CLANG_WARN_UNGUARDED_AVAILABILITY = YES_AGGRESSIVE;
				CLANG_WARN_UNREACHABLE_CODE = YES;
				CLANG_WARN__DUPLICATE_METHOD_MATCH = YES;
				COPY_PHASE_STRIP = NO;
				DEBUG_INFORMATION_FORMAT = "dwarf-with-dsym";
				ENABLE_NS_ASSERTIONS = NO;
				ENABLE_STRICT_OBJC_MSGSEND = YES;
				GCC_C_LANGUAGE_STANDARD = gnu11;
				GCC_NO_COMMON_BLOCKS = YES;
				GCC_WARN_64_TO_32_BIT_CONVERSION = YES;
				GCC_WARN_ABOUT_RETURN_TYPE = YES_ERROR;
				GCC_WARN_UNDECLARED_SELECTOR = YES;
				GCC_WARN_UNINITIALIZED_AUTOS = YES_AGGRESSIVE;
				GCC_WARN_UNUSED_FUNCTION = YES;
				GCC_WARN_UNUSED_VARIABLE = YES;
				IPHONEOS_DEPLOYMENT_TARGET = 14.5;
				MTL_ENABLE_DEBUG_INFO = NO;
				MTL_FAST_MATH = YES;
				SDKROOT = iphoneos;
				SWIFT_COMPILATION_MODE = wholemodule;
				SWIFT_OPTIMIZATION_LEVEL = "-O";
				VALIDATE_PRODUCT = YES;
			};
			name = Release;
		};
		D5434B4B26E4655D005F0B26 /* Debug */ = {
			isa = XCBuildConfiguration;
			buildSettings = {
				ASSETCATALOG_COMPILER_APPICON_NAME = AppIcon;
				ASSETCATALOG_COMPILER_GLOBAL_ACCENT_COLOR_NAME = AccentColor;
				CODE_SIGN_STYLE = Automatic;
				INFOPLIST_FILE = flixter/Info.plist;
				LD_RUNPATH_SEARCH_PATHS = (
					"$(inherited)",
					"@executable_path/Frameworks",
				);
				PRODUCT_BUNDLE_IDENTIFIER = "toiko-nanae-yahoo.co.jp.flixter";
				PRODUCT_NAME = "$(TARGET_NAME)";
				SWIFT_VERSION = 5.0;
				TARGETED_DEVICE_FAMILY = "1,2";
			};
			name = Debug;
		};
		D5434B4C26E4655D005F0B26 /* Release */ = {
			isa = XCBuildConfiguration;
			buildSettings = {
				ASSETCATALOG_COMPILER_APPICON_NAME = AppIcon;
				ASSETCATALOG_COMPILER_GLOBAL_ACCENT_COLOR_NAME = AccentColor;
				CODE_SIGN_STYLE = Automatic;
				INFOPLIST_FILE = flixter/Info.plist;
				LD_RUNPATH_SEARCH_PATHS = (
					"$(inherited)",
					"@executable_path/Frameworks",
				);
				PRODUCT_BUNDLE_IDENTIFIER = "toiko-nanae-yahoo.co.jp.flixter";
				PRODUCT_NAME = "$(TARGET_NAME)";
				SWIFT_VERSION = 5.0;
				TARGETED_DEVICE_FAMILY = "1,2";
			};
			name = Release;
		};
		D5434B4E26E4655D005F0B26 /* Debug */ = {
			isa = XCBuildConfiguration;
			buildSettings = {
				ALWAYS_EMBED_SWIFT_STANDARD_LIBRARIES = YES;
				BUNDLE_LOADER = "$(TEST_HOST)";
				CODE_SIGN_STYLE = Automatic;
				INFOPLIST_FILE = flixterTests/Info.plist;
				IPHONEOS_DEPLOYMENT_TARGET = 14.5;
				LD_RUNPATH_SEARCH_PATHS = (
					"$(inherited)",
					"@executable_path/Frameworks",
					"@loader_path/Frameworks",
				);
				PRODUCT_BUNDLE_IDENTIFIER = "toiko-nanae-yahoo.co.jp.flixterTests";
				PRODUCT_NAME = "$(TARGET_NAME)";
				SWIFT_VERSION = 5.0;
				TARGETED_DEVICE_FAMILY = "1,2";
				TEST_HOST = "$(BUILT_PRODUCTS_DIR)/flixter.app/flixter";
			};
			name = Debug;
		};
		D5434B4F26E4655D005F0B26 /* Release */ = {
			isa = XCBuildConfiguration;
			buildSettings = {
				ALWAYS_EMBED_SWIFT_STANDARD_LIBRARIES = YES;
				BUNDLE_LOADER = "$(TEST_HOST)";
				CODE_SIGN_STYLE = Automatic;
				INFOPLIST_FILE = flixterTests/Info.plist;
				IPHONEOS_DEPLOYMENT_TARGET = 14.5;
				LD_RUNPATH_SEARCH_PATHS = (
					"$(inherited)",
					"@executable_path/Frameworks",
					"@loader_path/Frameworks",
				);
				PRODUCT_BUNDLE_IDENTIFIER = "toiko-nanae-yahoo.co.jp.flixterTests";
				PRODUCT_NAME = "$(TARGET_NAME)";
				SWIFT_VERSION = 5.0;
				TARGETED_DEVICE_FAMILY = "1,2";
				TEST_HOST = "$(BUILT_PRODUCTS_DIR)/flixter.app/flixter";
			};
			name = Release;
		};
		D5434B5126E4655D005F0B26 /* Debug */ = {
			isa = XCBuildConfiguration;
			buildSettings = {
				ALWAYS_EMBED_SWIFT_STANDARD_LIBRARIES = YES;
				CODE_SIGN_STYLE = Automatic;
				INFOPLIST_FILE = flixterUITests/Info.plist;
				LD_RUNPATH_SEARCH_PATHS = (
					"$(inherited)",
					"@executable_path/Frameworks",
					"@loader_path/Frameworks",
				);
				PRODUCT_BUNDLE_IDENTIFIER = "toiko-nanae-yahoo.co.jp.flixterUITests";
				PRODUCT_NAME = "$(TARGET_NAME)";
				SWIFT_VERSION = 5.0;
				TARGETED_DEVICE_FAMILY = "1,2";
				TEST_TARGET_NAME = flixter;
			};
			name = Debug;
		};
		D5434B5226E4655D005F0B26 /* Release */ = {
			isa = XCBuildConfiguration;
			buildSettings = {
				ALWAYS_EMBED_SWIFT_STANDARD_LIBRARIES = YES;
				CODE_SIGN_STYLE = Automatic;
				INFOPLIST_FILE = flixterUITests/Info.plist;
				LD_RUNPATH_SEARCH_PATHS = (
					"$(inherited)",
					"@executable_path/Frameworks",
					"@loader_path/Frameworks",
				);
				PRODUCT_BUNDLE_IDENTIFIER = "toiko-nanae-yahoo.co.jp.flixterUITests";
				PRODUCT_NAME = "$(TARGET_NAME)";
				SWIFT_VERSION = 5.0;
				TARGETED_DEVICE_FAMILY = "1,2";
				TEST_TARGET_NAME = flixter;
			};
			name = Release;
		};
/* End XCBuildConfiguration section */

/* Begin XCConfigurationList section */
		D5434B1B26E4655B005F0B26 /* Build configuration list for PBXProject "flixter" */ = {
			isa = XCConfigurationList;
			buildConfigurations = (
				D5434B4826E4655D005F0B26 /* Debug */,
				D5434B4926E4655D005F0B26 /* Release */,
			);
			defaultConfigurationIsVisible = 0;
			defaultConfigurationName = Release;
		};
		D5434B4A26E4655D005F0B26 /* Build configuration list for PBXNativeTarget "flixter" */ = {
			isa = XCConfigurationList;
			buildConfigurations = (
				D5434B4B26E4655D005F0B26 /* Debug */,
				D5434B4C26E4655D005F0B26 /* Release */,
			);
			defaultConfigurationIsVisible = 0;
			defaultConfigurationName = Release;
		};
		D5434B4D26E4655D005F0B26 /* Build configuration list for PBXNativeTarget "flixterTests" */ = {
			isa = XCConfigurationList;
			buildConfigurations = (
				D5434B4E26E4655D005F0B26 /* Debug */,
				D5434B4F26E4655D005F0B26 /* Release */,
			);
			defaultConfigurationIsVisible = 0;
			defaultConfigurationName = Release;
		};
		D5434B5026E4655D005F0B26 /* Build configuration list for PBXNativeTarget "flixterUITests" */ = {
			isa = XCConfigurationList;
			buildConfigurations = (
				D5434B5126E4655D005F0B26 /* Debug */,
				D5434B5226E4655D005F0B26 /* Release */,
			);
			defaultConfigurationIsVisible = 0;
			defaultConfigurationName = Release;
		};
/* End XCConfigurationList section */
	};
	rootObject = D5434B1826E4655B005F0B26 /* Project object */;
}
